{
  "requires": true,
  "lockfileVersion": 1,
  "dependencies": {
    "@escook/request-miniprogram": {
      "version": "0.2.1",
      "resolved": "https://registry.npmjs.org/@escook/request-miniprogram/-/request-miniprogram-0.2.1.tgz",
      "integrity": "sha512-ueWV5YsaEm/ycQZuEjMiA88GFMhfBQSjy9GrP9omy4xAQajkGTbYIlnhzsDfWzRPmRC1fKmAiKMrCVcgS+SHcQ=="
    },
    "uview-ui": {
      "version": "2.0.24",
      "resolved": "https://registry.npmjs.org/uview-ui/-/uview-ui-2.0.24.tgz",
      "integrity": "sha512-9dmlwjqbkKGqWtC/utbcpBmuPgTcZlfEa3lWoWF3P/UP9yjub8dcIKSYq0AkNTXIAm4pqP/nFDYFwJtVGBfDCQ=="
    }
  }
}
